
Microsoft Visual Studio Solution File, Format Version 12.00
# Visual Studio Version 17
VisualStudioVersion = 17.4.33205.214
MinimumVisualStudioVersion = 10.0.40219.1
Project("{FAE04EC0-301F-11D3-BF4B-00C04F79EFBC}") = "DataModelReflectorConsole", "MyVeryOwnOps\DataModelReflectorConsole.csproj", "{79A0169B-924B-4210-8139-2126DD37B494}"
EndProject
Project("{FAE04EC0-301F-11D3-BF4B-00C04F79EFBC}") = "DataModelReflector", "EricOps\DataModelReflector.csproj", "{17C663B9-38CE-4E99-8427-AFE10F787A71}"
EndProject
Project("{FAE04EC0-301F-11D3-BF4B-00C04F79EFBC}") = "DataModelReflector.Data", "EricVeryOwnOps.Data\DataModelReflector.Data.csproj", "{32DDCAB2-ECBE-4F47-A4DE-BD3E7F850FF7}"
EndProject
Global
	GlobalSection(SolutionConfigurationPlatforms) = preSolution
		Debug|Any CPU = Debug|Any CPU
		Release|Any CPU = Release|Any CPU
	EndGlobalSection
	GlobalSection(ProjectConfigurationPlatforms) = postSolution
		{79A0169B-924B-4210-8139-2126DD37B494}.Debug|Any CPU.ActiveCfg = Debug|Any CPU
		{79A0169B-924B-4210-8139-2126DD37B494}.Debug|Any CPU.Build.0 = Debug|Any CPU
		{79A0169B-924B-4210-8139-2126DD37B494}.Release|Any CPU.ActiveCfg = Release|Any CPU
		{79A0169B-924B-4210-8139-2126DD37B494}.Release|Any CPU.Build.0 = Release|Any CPU
		{17C663B9-38CE-4E99-8427-AFE10F787A71}.Debug|Any CPU.ActiveCfg = Debug|Any CPU
		{17C663B9-38CE-4E99-8427-AFE10F787A71}.Debug|Any CPU.Build.0 = Debug|Any CPU
		{17C663B9-38CE-4E99-8427-AFE10F787A71}.Release|Any CPU.ActiveCfg = Release|Any CPU
		{17C663B9-38CE-4E99-8427-AFE10F787A71}.Release|Any CPU.Build.0 = Release|Any CPU
		{32DDCAB2-ECBE-4F47-A4DE-BD3E7F850FF7}.Debug|Any CPU.ActiveCfg = Debug|Any CPU
		{32DDCAB2-ECBE-4F47-A4DE-BD3E7F850FF7}.Debug|Any CPU.Build.0 = Debug|Any CPU
		{32DDCAB2-ECBE-4F47-A4DE-BD3E7F850FF7}.Release|Any CPU.ActiveCfg = Release|Any CPU
		{32DDCAB2-ECBE-4F47-A4DE-BD3E7F850FF7}.Release|Any CPU.Build.0 = Release|Any CPU
	EndGlobalSection
	GlobalSection(SolutionProperties) = preSolution
		HideSolutionNode = FALSE
	EndGlobalSection
	GlobalSection(ExtensibilityGlobals) = postSolution
		SolutionGuid = {AA3B49A3-AE13-4153-BCCE-57A037A9D11A}
	EndGlobalSection
EndGlobal
